
Microsoft Visual Studio Solution File, Format Version 11.00
# Visual Studio 2010
Project("{FAE04EC0-301F-11D3-BF4B-00C04F79EFBC}") = "ObsessionConcept", "Assembly-CSharp.csproj", "{D86843F8-5F57-4EC7-0C2E-9E7EB4D9D232}"
EndProject
Global
	GlobalSection(SolutionConfigurationPlatforms) = preSolution
		Debug|Any CPU = Debug|Any CPU
		Release|Any CPU = Release|Any CPU
	EndGlobalSection
	GlobalSection(ProjectConfigurationPlatforms) = postSolution
		{D86843F8-5F57-4EC7-0C2E-9E7EB4D9D232}.Debug|Any CPU.ActiveCfg = Debug|Any CPU
		{D86843F8-5F57-4EC7-0C2E-9E7EB4D9D232}.Debug|Any CPU.Build.0 = Debug|Any CPU
		{D86843F8-5F57-4EC7-0C2E-9E7EB4D9D232}.Release|Any CPU.ActiveCfg = Release|Any CPU
		{D86843F8-5F57-4EC7-0C2E-9E7EB4D9D232}.Release|Any CPU.Build.0 = Release|Any CPU
	EndGlobalSection
	GlobalSection(SolutionProperties) = preSolution
		HideSolutionNode = FALSE
	EndGlobalSection
	GlobalSection(MonoDevelopProperties) = preSolution
		StartupItem = Assembly-CSharp.csproj
	EndGlobalSection
EndGlobal
